schema: '2.0'
stages:
  data_ingestion:
    cmd: python src/data_ingestion.py
    deps:
    - path: src/data_ingestion.py
      hash: md5
      md5: f8f0b799aa21963255788d673c2824ca
      size: 3730
    params:
      params.yaml:
        data_ingestion.test_size: 0.25
    outs:
    - path: data/raw
      hash: md5
      md5: 04dd235295cb72c313e376c794dbd399.dir
      size: 484846
      nfiles: 2
  data_preprocessing:
    cmd: python src/data_preprocessing.py
    deps:
    - path: data/raw
      hash: md5
      md5: 04dd235295cb72c313e376c794dbd399.dir
      size: 484846
      nfiles: 2
    - path: src/data_preprocessing.py
      hash: md5
      md5: 74828e8314fd2f2cbebea4b0933a3322
      size: 4084
    outs:
    - path: data/interim
      hash: md5
      md5: a93065f5a2727e5e7dd327b4604144d5.dir
      size: 261440
      nfiles: 2
  feature_engineering:
    cmd: python src/feature_engineering.py
    deps:
    - path: data/interim
      hash: md5
      md5: a93065f5a2727e5e7dd327b4604144d5.dir
      size: 261440
      nfiles: 2
    - path: src/feature_engineering.py
      hash: md5
      md5: 42a3f04152528b00a5b346b3a4696d06
      size: 4003
    params:
      params.yaml:
        feature_engineering.max_features: 35
    outs:
    - path: data/processed
      hash: md5
      md5: 836b220ee31b41dcd47a975be149c6b1.dir
      size: 838015
      nfiles: 2
  model_building:
    cmd: python src/model_building.py
    deps:
    - path: data/processed
      hash: md5
      md5: 836b220ee31b41dcd47a975be149c6b1.dir
      size: 838015
      nfiles: 2
    - path: src/model_building.py
      hash: md5
      md5: dd51250213e304fb187d0e1e0625ebde
      size: 4470
    params:
      params.yaml:
        model_building.n_estimators: 22
        model_building.random_state: 2
    outs:
    - path: models/model.pkl
      hash: md5
      md5: 6c19d383197db7968c5c033b6357b036
      size: 701427
  model_evaluation:
    cmd: python src/model_evaluation.py
    deps:
    - path: models/model.pkl
      hash: md5
      md5: 6c19d383197db7968c5c033b6357b036
      size: 701427
    - path: src/model_evaluation.py
      hash: md5
      md5: becc54f201c7c41a4de5fdd36bd6dafb
      size: 4730
    outs:
    - path: reports/metrics.json
      hash: md5
      md5: b212b77d473e8f8bf5b7dbc68d65807e
      size: 145
